// !$*UTF8*$!
{
	archiveVersion = 1;
	classes = {
	};
	objectVersion = 56;
	objects = {

/* Begin PBXBuildFile section */
		FDA627F228E77E9A00DD09B3 /* PoppinDemoApp.swift in Sources */ = {isa = PBXBuildFile; fileRef = FDA627F128E77E9A00DD09B3 /* PoppinDemoApp.swift */; };
		FDA627F628E77E9B00DD09B3 /* Assets.xcassets in Resources */ = {isa = PBXBuildFile; fileRef = FDA627F528E77E9B00DD09B3 /* Assets.xcassets */; };
		FDA627FA28E77E9B00DD09B3 /* Preview Assets.xcassets in Resources */ = {isa = PBXBuildFile; fileRef = FDA627F928E77E9B00DD09B3 /* Preview Assets.xcassets */; };
		FDA6280128E77FF700DD09B3 /* PartyModel.swift in Sources */ = {isa = PBXBuildFile; fileRef = FDA6280028E77FF700DD09B3 /* PartyModel.swift */; };
		FDA6280328E7846900DD09B3 /* PartyViewModel.swift in Sources */ = {isa = PBXBuildFile; fileRef = FDA6280228E7846900DD09B3 /* PartyViewModel.swift */; };
		FDA6280528EB3CE200DD09B3 /* DetailedView.swift in Sources */ = {isa = PBXBuildFile; fileRef = FDA6280428EB3CE200DD09B3 /* DetailedView.swift */; };
		FDA6280728EB3CF900DD09B3 /* DetailedViewModel.swift in Sources */ = {isa = PBXBuildFile; fileRef = FDA6280628EB3CF900DD09B3 /* DetailedViewModel.swift */; };
		FDA6281028ECC06500DD09B3 /* SDWebImageSwiftUI in Frameworks */ = {isa = PBXBuildFile; productRef = FDA6280F28ECC06500DD09B3 /* SDWebImageSwiftUI */; };
		FDA6281228ECDBD900DD09B3 /* PartyView.swift in Sources */ = {isa = PBXBuildFile; fileRef = FDA6281128ECDBD900DD09B3 /* PartyView.swift */; };
		FDA6281628ECDCAF00DD09B3 /* DetailedWeatherModel.swift in Sources */ = {isa = PBXBuildFile; fileRef = FDA6281528ECDCAF00DD09B3 /* DetailedWeatherModel.swift */; };
		FDA6281828ECDFD000DD09B3 /* PlistParser.swift in Sources */ = {isa = PBXBuildFile; fileRef = FDA6281728ECDFD000DD09B3 /* PlistParser.swift */; };
/* End PBXBuildFile section */

/* Begin PBXFileReference section */
		FDA627EE28E77E9A00DD09B3 /* PoppinDemo.app */ = {isa = PBXFileReference; explicitFileType = wrapper.application; includeInIndex = 0; path = PoppinDemo.app; sourceTree = BUILT_PRODUCTS_DIR; };
		FDA627F128E77E9A00DD09B3 /* PoppinDemoApp.swift */ = {isa = PBXFileReference; lastKnownFileType = sourcecode.swift; path = PoppinDemoApp.swift; sourceTree = "<group>"; };
		FDA627F528E77E9B00DD09B3 /* Assets.xcassets */ = {isa = PBXFileReference; lastKnownFileType = folder.assetcatalog; path = Assets.xcassets; sourceTree = "<group>"; };
		FDA627F728E77E9B00DD09B3 /* PoppinDemo.entitlements */ = {isa = PBXFileReference; lastKnownFileType = text.plist.entitlements; path = PoppinDemo.entitlements; sourceTree = "<group>"; };
		FDA627F928E77E9B00DD09B3 /* Preview Assets.xcassets */ = {isa = PBXFileReference; lastKnownFileType = folder.assetcatalog; path = "Preview Assets.xcassets"; sourceTree = "<group>"; };
		FDA6280028E77FF700DD09B3 /* PartyModel.swift */ = {isa = PBXFileReference; lastKnownFileType = sourcecode.swift; path = PartyModel.swift; sourceTree = "<group>"; };
		FDA6280228E7846900DD09B3 /* PartyViewModel.swift */ = {isa = PBXFileReference; lastKnownFileType = sourcecode.swift; path = PartyViewModel.swift; sourceTree = "<group>"; };
		FDA6280428EB3CE200DD09B3 /* DetailedView.swift */ = {isa = PBXFileReference; lastKnownFileType = sourcecode.swift; path = DetailedView.swift; sourceTree = "<group>"; };
		FDA6280628EB3CF900DD09B3 /* DetailedViewModel.swift */ = {isa = PBXFileReference; lastKnownFileType = sourcecode.swift; path = DetailedViewModel.swift; sourceTree = "<group>"; };
		FDA6281128ECDBD900DD09B3 /* PartyView.swift */ = {isa = PBXFileReference; lastKnownFileType = sourcecode.swift; path = PartyView.swift; sourceTree = "<group>"; };
		FDA6281528ECDCAF00DD09B3 /* DetailedWeatherModel.swift */ = {isa = PBXFileReference; lastKnownFileType = sourcecode.swift; path = DetailedWeatherModel.swift; sourceTree = "<group>"; };
		FDA6281728ECDFD000DD09B3 /* PlistParser.swift */ = {isa = PBXFileReference; lastKnownFileType = sourcecode.swift; path = PlistParser.swift; sourceTree = "<group>"; };
		FDA6281928ECE17100DD09B3 /* Info.plist */ = {isa = PBXFileReference; lastKnownFileType = text.plist; path = Info.plist; sourceTree = "<group>"; };
/* End PBXFileReference section */

/* Begin PBXFrameworksBuildPhase section */
		FDA627EB28E77E9A00DD09B3 /* Frameworks */ = {
			isa = PBXFrameworksBuildPhase;
			buildActionMask = 2147483647;
			files = (
				FDA6281028ECC06500DD09B3 /* SDWebImageSwiftUI in Frameworks */,
			);
			runOnlyForDeploymentPostprocessing = 0;
		};
/* End PBXFrameworksBuildPhase section */

/* Begin PBXGroup section */
		FDA627E528E77E9A00DD09B3 = {
			isa = PBXGroup;
			children = (
				FDA627F028E77E9A00DD09B3 /* PoppinDemo */,
				FDA627EF28E77E9A00DD09B3 /* Products */,
			);
			sourceTree = "<group>";
		};
		FDA627EF28E77E9A00DD09B3 /* Products */ = {
			isa = PBXGroup;
			children = (
				FDA627EE28E77E9A00DD09B3 /* PoppinDemo.app */,
			);
			name = Products;
			sourceTree = "<group>";
		};
		FDA627F028E77E9A00DD09B3 /* PoppinDemo */ = {
			isa = PBXGroup;
			children = (
				FDA6281928ECE17100DD09B3 /* Info.plist */,
				FDA627F128E77E9A00DD09B3 /* PoppinDemoApp.swift */,
				FDA6281728ECDFD000DD09B3 /* PlistParser.swift */,
				FDA6281328ECDC5800DD09B3 /* Party */,
				FDA6281428ECDC7300DD09B3 /* Detailed */,
				FDA627F528E77E9B00DD09B3 /* Assets.xcassets */,
				FDA627F728E77E9B00DD09B3 /* PoppinDemo.entitlements */,
				FDA627F828E77E9B00DD09B3 /* Preview Content */,
			);
			path = PoppinDemo;
			sourceTree = "<group>";
		};
		FDA627F828E77E9B00DD09B3 /* Preview Content */ = {
			isa = PBXGroup;
			children = (
				FDA627F928E77E9B00DD09B3 /* Preview Assets.xcassets */,
			);
			path = "Preview Content";
			sourceTree = "<group>";
		};
		FDA6281328ECDC5800DD09B3 /* Party */ = {
			isa = PBXGroup;
			children = (
				FDA6281128ECDBD900DD09B3 /* PartyView.swift */,
				FDA6280228E7846900DD09B3 /* PartyViewModel.swift */,
				FDA6280028E77FF700DD09B3 /* PartyModel.swift */,
			);
			path = Party;
			sourceTree = "<group>";
		};
		FDA6281428ECDC7300DD09B3 /* Detailed */ = {
			isa = PBXGroup;
			children = (
				FDA6280428EB3CE200DD09B3 /* DetailedView.swift */,
				FDA6280628EB3CF900DD09B3 /* DetailedViewModel.swift */,
				FDA6281528ECDCAF00DD09B3 /* DetailedWeatherModel.swift */,
			);
			path = Detailed;
			sourceTree = "<group>";
		};
/* End PBXGroup section */

/* Begin PBXNativeTarget section */
		FDA627ED28E77E9A00DD09B3 /* PoppinDemo */ = {
			isa = PBXNativeTarget;
			buildConfigurationList = FDA627FD28E77E9B00DD09B3 /* Build configuration list for PBXNativeTarget "PoppinDemo" */;
			buildPhases = (
				FDA627EA28E77E9A00DD09B3 /* Sources */,
				FDA627EB28E77E9A00DD09B3 /* Frameworks */,
				FDA627EC28E77E9A00DD09B3 /* Resources */,
			);
			buildRules = (
			);
			dependencies = (
			);
			name = PoppinDemo;
			packageProductDependencies = (
				FDA6280F28ECC06500DD09B3 /* SDWebImageSwiftUI */,
			);
			productName = PoppinDemo;
			productReference = FDA627EE28E77E9A00DD09B3 /* PoppinDemo.app */;
			productType = "com.apple.product-type.application";
		};
/* End PBXNativeTarget section */

/* Begin PBXProject section */
		FDA627E628E77E9A00DD09B3 /* Project object */ = {
			isa = PBXProject;
			attributes = {
				BuildIndependentTargetsInParallel = 1;
				LastSwiftUpdateCheck = 1400;
				LastUpgradeCheck = 1400;
				TargetAttributes = {
					FDA627ED28E77E9A00DD09B3 = {
						CreatedOnToolsVersion = 14.0;
					};
				};
			};
			buildConfigurationList = FDA627E928E77E9A00DD09B3 /* Build configuration list for PBXProject "PoppinDemo" */;
			compatibilityVersion = "Xcode 14.0";
			developmentRegion = en;
			hasScannedForEncodings = 0;
			knownRegions = (
				en,
				Base,
			);
			mainGroup = FDA627E528E77E9A00DD09B3;
			packageReferences = (
				FDA6280E28ECC06500DD09B3 /* XCRemoteSwiftPackageReference "SDWebImageSwiftUI" */,
			);
			productRefGroup = FDA627EF28E77E9A00DD09B3 /* Products */;
			projectDirPath = "";
			projectRoot = "";
			targets = (
				FDA627ED28E77E9A00DD09B3 /* PoppinDemo */,
			);
		};
/* End PBXProject section */

/* Begin PBXResourcesBuildPhase section */
		FDA627EC28E77E9A00DD09B3 /* Resources */ = {
			isa = PBXResourcesBuildPhase;
			buildActionMask = 2147483647;
			files = (
				FDA627FA28E77E9B00DD09B3 /* Preview Assets.xcassets in Resources */,
				FDA627F628E77E9B00DD09B3 /* Assets.xcassets in Resources */,
			);
			runOnlyForDeploymentPostprocessing = 0;
		};
/* End PBXResourcesBuildPhase section */

/* Begin PBXSourcesBuildPhase section */
		FDA627EA28E77E9A00DD09B3 /* Sources */ = {
			isa = PBXSourcesBuildPhase;
			buildActionMask = 2147483647;
			files = (
				FDA6280728EB3CF900DD09B3 /* DetailedViewModel.swift in Sources */,
				FDA627F228E77E9A00DD09B3 /* PoppinDemoApp.swift in Sources */,
				FDA6281628ECDCAF00DD09B3 /* DetailedWeatherModel.swift in Sources */,
				FDA6280528EB3CE200DD09B3 /* DetailedView.swift in Sources */,
				FDA6280128E77FF700DD09B3 /* PartyModel.swift in Sources */,
				FDA6281828ECDFD000DD09B3 /* PlistParser.swift in Sources */,
				FDA6281228ECDBD900DD09B3 /* PartyView.swift in Sources */,
				FDA6280328E7846900DD09B3 /* PartyViewModel.swift in Sources */,
			);
			runOnlyForDeploymentPostprocessing = 0;
		};
/* End PBXSourcesBuildPhase section */

/* Begin XCBuildConfiguration section */
		FDA627FB28E77E9B00DD09B3 /* Debug */ = {
			isa = XCBuildConfiguration;
			buildSettings = {
				ALWAYS_SEARCH_USER_PATHS = NO;
				CLANG_ANALYZER_NONNULL = YES;
				CLANG_ANALYZER_NUMBER_OBJECT_CONVERSION = YES_AGGRESSIVE;
				CLANG_CXX_LANGUAGE_STANDARD = "gnu++20";
				CLANG_ENABLE_MODULES = YES;
				CLANG_ENABLE_OBJC_ARC = YES;
				CLANG_ENABLE_OBJC_WEAK = YES;
				CLANG_WARN_BLOCK_CAPTURE_AUTORELEASING = YES;
				CLANG_WARN_BOOL_CONVERSION = YES;
				CLANG_WARN_COMMA = YES;
				CLANG_WARN_CONSTANT_CONVERSION = YES;
				CLANG_WARN_DEPRECATED_OBJC_IMPLEMENTATIONS = YES;
				CLANG_WARN_DIRECT_OBJC_ISA_USAGE = YES_ERROR;
				CLANG_WARN_DOCUMENTATION_COMMENTS = YES;
				CLANG_WARN_EMPTY_BODY = YES;
				CLANG_WARN_ENUM_CONVERSION = YES;
				CLANG_WARN_INFINITE_RECURSION = YES;
				CLANG_WARN_INT_CONVERSION = YES;
				CLANG_WARN_NON_LITERAL_NULL_CONVERSION = YES;
				CLANG_WARN_OBJC_IMPLICIT_RETAIN_SELF = YES;
				CLANG_WARN_OBJC_LITERAL_CONVERSION = YES;
				CLANG_WARN_OBJC_ROOT_CLASS = YES_ERROR;
				CLANG_WARN_QUOTED_INCLUDE_IN_FRAMEWORK_HEADER = YES;
				CLANG_WARN_RANGE_LOOP_ANALYSIS = YES;
				CLANG_WARN_STRICT_PROTOTYPES = YES;
				CLANG_WARN_SUSPICIOUS_MOVE = YES;
				CLANG_WARN_UNGUARDED_AVAILABILITY = YES_AGGRESSIVE;
				CLANG_WARN_UNREACHABLE_CODE = YES;
				CLANG_WARN__DUPLICATE_METHOD_MATCH = YES;
				COPY_PHASE_STRIP = NO;
				DEBUG_INFORMATION_FORMAT = dwarf;
				ENABLE_STRICT_OBJC_MSGSEND = YES;
				ENABLE_TESTABILITY = YES;
				GCC_C_LANGUAGE_STANDARD = gnu11;
				GCC_DYNAMIC_NO_PIC = NO;
				GCC_NO_COMMON_BLOCKS = YES;
				GCC_OPTIMIZATION_LEVEL = 0;
				GCC_PREPROCESSOR_DEFINITIONS = (
					"DEBUG=1",
					"$(inherited)",
				);
				GCC_WARN_64_TO_32_BIT_CONVERSION = YES;
				GCC_WARN_ABOUT_RETURN_TYPE = YES_ERROR;
				GCC_WARN_UNDECLARED_SELECTOR = YES;
				GCC_WARN_UNINITIALIZED_AUTOS = YES_AGGRESSIVE;
				GCC_WARN_UNUSED_FUNCTION = YES;
				GCC_WARN_UNUSED_VARIABLE = YES;
				MTL_ENABLE_DEBUG_INFO = INCLUDE_SOURCE;
				MTL_FAST_MATH = YES;
				ONLY_ACTIVE_ARCH = YES;
				SWIFT_ACTIVE_COMPILATION_CONDITIONS = DEBUG;
				SWIFT_OPTIMIZATION_LEVEL = "-Onone";
			};
			name = Debug;
		};
		FDA627FC28E77E9B00DD09B3 /* Release */ = {
			isa = XCBuildConfiguration;
			buildSettings = {
				ALWAYS_SEARCH_USER_PATHS = NO;
				CLANG_ANALYZER_NONNULL = YES;
				CLANG_ANALYZER_NUMBER_OBJECT_CONVERSION = YES_AGGRESSIVE;
				CLANG_CXX_LANGUAGE_STANDARD = "gnu++20";
				CLANG_ENABLE_MODULES = YES;
				CLANG_ENABLE_OBJC_ARC = YES;
				CLANG_ENABLE_OBJC_WEAK = YES;
				CLANG_WARN_BLOCK_CAPTURE_AUTORELEASING = YES;
				CLANG_WARN_BOOL_CONVERSION = YES;
				CLANG_WARN_COMMA = YES;
				CLANG_WARN_CONSTANT_CONVERSION = YES;
				CLANG_WARN_DEPRECATED_OBJC_IMPLEMENTATIONS = YES;
				CLANG_WARN_DIRECT_OBJC_ISA_USAGE = YES_ERROR;
				CLANG_WARN_DOCUMENTATION_COMMENTS = YES;
				CLANG_WARN_EMPTY_BODY = YES;
				CLANG_WARN_ENUM_CONVERSION = YES;
				CLANG_WARN_INFINITE_RECURSION = YES;
				CLANG_WARN_INT_CONVERSION = YES;
				CLANG_WARN_NON_LITERAL_NULL_CONVERSION = YES;
				CLANG_WARN_OBJC_IMPLICIT_RETAIN_SELF = YES;
				CLANG_WARN_OBJC_LITERAL_CONVERSION = YES;
				CLANG_WARN_OBJC_ROOT_CLASS = YES_ERROR;
				CLANG_WARN_QUOTED_INCLUDE_IN_FRAMEWORK_HEADER = YES;
				CLANG_WARN_RANGE_LOOP_ANALYSIS = YES;
				CLANG_WARN_STRICT_PROTOTYPES = YES;
				CLANG_WARN_SUSPICIOUS_MOVE = YES;
				CLANG_WARN_UNGUARDED_AVAILABILITY = YES_AGGRESSIVE;
				CLANG_WARN_UNREACHABLE_CODE = YES;
				CLANG_WARN__DUPLICATE_METHOD_MATCH = YES;
				COPY_PHASE_STRIP = NO;
				DEBUG_INFORMATION_FORMAT = "dwarf-with-dsym";
				ENABLE_NS_ASSERTIONS = NO;
				ENABLE_STRICT_OBJC_MSGSEND = YES;
				GCC_C_LANGUAGE_STANDARD = gnu11;
				GCC_NO_COMMON_BLOCKS = YES;
				GCC_WARN_64_TO_32_BIT_CONVERSION = YES;
				GCC_WARN_ABOUT_RETURN_TYPE = YES_ERROR;
				GCC_WARN_UNDECLARED_SELECTOR = YES;
				GCC_WARN_UNINITIALIZED_AUTOS = YES_AGGRESSIVE;
				GCC_WARN_UNUSED_FUNCTION = YES;
				GCC_WARN_UNUSED_VARIABLE = YES;
				MTL_ENABLE_DEBUG_INFO = NO;
				MTL_FAST_MATH = YES;
				SWIFT_COMPILATION_MODE = wholemodule;
				SWIFT_OPTIMIZATION_LEVEL = "-O";
			};
			name = Release;
		};
		FDA627FE28E77E9B00DD09B3 /* Debug */ = {
			isa = XCBuildConfiguration;
			buildSettings = {
				ASSETCATALOG_COMPILER_APPICON_NAME = AppIcon;
				ASSETCATALOG_COMPILER_GLOBAL_ACCENT_COLOR_NAME = AccentColor;
				CODE_SIGN_ENTITLEMENTS = PoppinDemo/PoppinDemo.entitlements;
				CODE_SIGN_STYLE = Automatic;
				CURRENT_PROJECT_VERSION = 1;
				DEVELOPMENT_ASSET_PATHS = "\"PoppinDemo/Preview Content\"";
				DEVELOPMENT_TEAM = 6BTL57MS6F;
				ENABLE_HARDENED_RUNTIME = YES;
				ENABLE_PREVIEWS = YES;
				GENERATE_INFOPLIST_FILE = YES;
				INFOPLIST_FILE = PoppinDemo/Info.plist;
				"INFOPLIST_KEY_UIApplicationSceneManifest_Generation[sdk=iphoneos*]" = YES;
				"INFOPLIST_KEY_UIApplicationSceneManifest_Generation[sdk=iphonesimulator*]" = YES;
				"INFOPLIST_KEY_UIApplicationSupportsIndirectInputEvents[sdk=iphoneos*]" = YES;
				"INFOPLIST_KEY_UIApplicationSupportsIndirectInputEvents[sdk=iphonesimulator*]" = YES;
				"INFOPLIST_KEY_UILaunchScreen_Generation[sdk=iphoneos*]" = YES;
				"INFOPLIST_KEY_UILaunchScreen_Generation[sdk=iphonesimulator*]" = YES;
				"INFOPLIST_KEY_UIStatusBarStyle[sdk=iphoneos*]" = UIStatusBarStyleDefault;
				"INFOPLIST_KEY_UIStatusBarStyle[sdk=iphonesimulator*]" = UIStatusBarStyleDefault;
				INFOPLIST_KEY_UISupportedInterfaceOrientations_iPad = "UIInterfaceOrientationPortrait UIInterfaceOrientationPortraitUpsideDown UIInterfaceOrientationLandscapeLeft UIInterfaceOrientationLandscapeRight";
				INFOPLIST_KEY_UISupportedInterfaceOrientations_iPhone = "UIInterfaceOrientationPortrait UIInterfaceOrientationLandscapeLeft UIInterfaceOrientationLandscapeRight";
				IPHONEOS_DEPLOYMENT_TARGET = 16.0;
				LD_RUNPATH_SEARCH_PATHS = "@executable_path/Frameworks";
				"LD_RUNPATH_SEARCH_PATHS[sdk=macosx*]" = "@executable_path/../Frameworks";
				MACOSX_DEPLOYMENT_TARGET = 12.3;
				MARKETING_VERSION = 1.0;
				PRODUCT_BUNDLE_IDENTIFIER = alexisdiaz.PoppinDemo;
				PRODUCT_NAME = "$(TARGET_NAME)";
				SDKROOT = auto;
				SUPPORTED_PLATFORMS = "iphoneos iphonesimulator";
				SUPPORTS_MACCATALYST = NO;
				SUPPORTS_MAC_DESIGNED_FOR_IPHONE_IPAD = NO;
				SWIFT_EMIT_LOC_STRINGS = YES;
				SWIFT_VERSION = 5.0;
				TARGETED_DEVICE_FAMILY = "1,2";
			};
			name = Debug;
		};
		FDA627FF28E77E9B00DD09B3 /* Release */ = {
			isa = XCBuildConfiguration;
			buildSettings = {
				ASSETCATALOG_COMPILER_APPICON_NAME = AppIcon;
				ASSETCATALOG_COMPILER_GLOBAL_ACCENT_COLOR_NAME = AccentColor;
				CODE_SIGN_ENTITLEMENTS = PoppinDemo/PoppinDemo.entitlements;
				CODE_SIGN_STYLE = Automatic;
				CURRENT_PROJECT_VERSION = 1;
				DEVELOPMENT_ASSET_PATHS = "\"PoppinDemo/Preview Content\"";
				DEVELOPMENT_TEAM = 6BTL57MS6F;
				ENABLE_HARDENED_RUNTIME = YES;
				ENABLE_PREVIEWS = YES;
				GENERATE_INFOPLIST_FILE = YES;
				INFOPLIST_FILE = PoppinDemo/Info.plist;
				"INFOPLIST_KEY_UIApplicationSceneManifest_Generation[sdk=iphoneos*]" = YES;
				"INFOPLIST_KEY_UIApplicationSceneManifest_Generation[sdk=iphonesimulator*]" = YES;
				"INFOPLIST_KEY_UIApplicationSupportsIndirectInputEvents[sdk=iphoneos*]" = YES;
				"INFOPLIST_KEY_UIApplicationSupportsIndirectInputEvents[sdk=iphonesimulator*]" = YES;
				"INFOPLIST_KEY_UILaunchScreen_Generation[sdk=iphoneos*]" = YES;
				"INFOPLIST_KEY_UILaunchScreen_Generation[sdk=iphonesimulator*]" = YES;
				"INFOPLIST_KEY_UIStatusBarStyle[sdk=iphoneos*]" = UIStatusBarStyleDefault;
				"INFOPLIST_KEY_UIStatusBarStyle[sdk=iphonesimulator*]" = UIStatusBarStyleDefault;
				INFOPLIST_KEY_UISupportedInterfaceOrientations_iPad = "UIInterfaceOrientationPortrait UIInterfaceOrientationPortraitUpsideDown UIInterfaceOrientationLandscapeLeft UIInterfaceOrientationLandscapeRight";
				INFOPLIST_KEY_UISupportedInterfaceOrientations_iPhone = "UIInterfaceOrientationPortrait UIInterfaceOrientationLandscapeLeft UIInterfaceOrientationLandscapeRight";
				IPHONEOS_DEPLOYMENT_TARGET = 16.0;
				LD_RUNPATH_SEARCH_PATHS = "@executable_path/Frameworks";
				"LD_RUNPATH_SEARCH_PATHS[sdk=macosx*]" = "@executable_path/../Frameworks";
				MACOSX_DEPLOYMENT_TARGET = 12.3;
				MARKETING_VERSION = 1.0;
				PRODUCT_BUNDLE_IDENTIFIER = alexisdiaz.PoppinDemo;
				PRODUCT_NAME = "$(TARGET_NAME)";
				SDKROOT = auto;
				SUPPORTED_PLATFORMS = "iphoneos iphonesimulator";
				SUPPORTS_MACCATALYST = NO;
				SUPPORTS_MAC_DESIGNED_FOR_IPHONE_IPAD = NO;
				SWIFT_EMIT_LOC_STRINGS = YES;
				SWIFT_VERSION = 5.0;
				TARGETED_DEVICE_FAMILY = "1,2";
			};
			name = Release;
		};
/* End XCBuildConfiguration section */

/* Begin XCConfigurationList section */
		FDA627E928E77E9A00DD09B3 /* Build configuration list for PBXProject "PoppinDemo" */ = {
			isa = XCConfigurationList;
			buildConfigurations = (
				FDA627FB28E77E9B00DD09B3 /* Debug */,
				FDA627FC28E77E9B00DD09B3 /* Release */,
			);
			defaultConfigurationIsVisible = 0;
			defaultConfigurationName = Release;
		};
		FDA627FD28E77E9B00DD09B3 /* Build configuration list for PBXNativeTarget "PoppinDemo" */ = {
			isa = XCConfigurationList;
			buildConfigurations = (
				FDA627FE28E77E9B00DD09B3 /* Debug */,
				FDA627FF28E77E9B00DD09B3 /* Release */,
			);
			defaultConfigurationIsVisible = 0;
			defaultConfigurationName = Release;
		};
/* End XCConfigurationList section */

/* Begin XCRemoteSwiftPackageReference section */
		FDA6280E28ECC06500DD09B3 /* XCRemoteSwiftPackageReference "SDWebImageSwiftUI" */ = {
			isa = XCRemoteSwiftPackageReference;
			repositoryURL = "https://github.com/SDWebImage/SDWebImageSwiftUI";
			requirement = {
				kind = upToNextMajorVersion;
				minimumVersion = 2.0.0;
			};
		};
/* End XCRemoteSwiftPackageReference section */

/* Begin XCSwiftPackageProductDependency section */
		FDA6280F28ECC06500DD09B3 /* SDWebImageSwiftUI */ = {
			isa = XCSwiftPackageProductDependency;
			package = FDA6280E28ECC06500DD09B3 /* XCRemoteSwiftPackageReference "SDWebImageSwiftUI" */;
			productName = SDWebImageSwiftUI;
		};
/* End XCSwiftPackageProductDependency section */
	};
	rootObject = FDA627E628E77E9A00DD09B3 /* Project object */;
}
